
Microsoft Visual Studio Solution File, Format Version 12.00
# Visual Studio 15
VisualStudioVersion = 15.0.26228.4
MinimumVisualStudioVersion = 10.0.40219.1
Project("{FAE04EC0-301F-11D3-BF4B-00C04F79EFBC}") = "CastleWindsor_Console", "TestEF\CastleWindsor_Console.csproj", "{D94DA92F-1135-4DA5-B663-80B1FABA479C}"
EndProject
Project("{FAE04EC0-301F-11D3-BF4B-00C04F79EFBC}") = "TestWindowsForm", "TestWindowsForm\TestWindowsForm.csproj", "{CE3BD432-B5A5-46C8-A7AA-D07F773AFA14}"
EndProject
Project("{FAE04EC0-301F-11D3-BF4B-00C04F79EFBC}") = "EF_Console", "EF_Console\EF_Console.csproj", "{8552B860-7B4D-4F25-A113-A749E91CCA3F}"
EndProject
Project("{FAE04EC0-301F-11D3-BF4B-00C04F79EFBC}") = "AccessModifier", "AccessModifier\AccessModifier.csproj", "{60C53A2E-E6CC-4671-98A9-5DCAFA4CBE9F}"
EndProject
Project("{FAE04EC0-301F-11D3-BF4B-00C04F79EFBC}") = "AcessModifier_ClassLibrary", "AcessModifier_ClassLibrary\AcessModifier_ClassLibrary.csproj", "{CCD825F5-4D6F-4F28-9C84-E107BEB9243F}"
EndProject
Project("{FAE04EC0-301F-11D3-BF4B-00C04F79EFBC}") = "Variable", "Variable\Variable.csproj", "{109055EA-7C37-4A58-8C29-441314C62A16}"
EndProject
Project("{FAE04EC0-301F-11D3-BF4B-00C04F79EFBC}") = "Constractor", "Constractor\Constractor.csproj", "{9CEE7C53-E9F5-4AF1-AADB-8A8ABDF89B1F}"
EndProject
Project("{FAE04EC0-301F-11D3-BF4B-00C04F79EFBC}") = "Polymorphism", "Polymorphism\Polymorphism.csproj", "{C2BF6A91-9D76-45BB-AA8C-3B4F0B30B6A6}"
EndProject
Project("{FAE04EC0-301F-11D3-BF4B-00C04F79EFBC}") = "AbstractionAndSealed", "AbstractionAndSealed\AbstractionAndSealed.csproj", "{18ED2D4F-6D36-4CE9-8E16-F845C94BC248}"
EndProject
Project("{FAE04EC0-301F-11D3-BF4B-00C04F79EFBC}") = "Static_Mode", "Static_Mode\Static_Mode.csproj", "{3CDFE7B9-90DD-4EF7-80E5-6AD4265A3E30}"
EndProject
Project("{FAE04EC0-301F-11D3-BF4B-00C04F79EFBC}") = "ExtentionMethod", "ExtentionMethod\ExtentionMethod.csproj", "{E37B75AB-1E9F-45A2-ACF7-AABD03A14A62}"
EndProject
Project("{FAE04EC0-301F-11D3-BF4B-00C04F79EFBC}") = "Variable_RenfrenceType", "Variable_RenfrenceType\Variable_RenfrenceType.csproj", "{060B7DD3-18A6-4348-BCA2-7DD4EEC19557}"
EndProject
Project("{FAE04EC0-301F-11D3-BF4B-00C04F79EFBC}") = "Interface", "Interface\Interface.csproj", "{B918A1D7-E199-4F05-A75C-98D66D38C282}"
EndProject
Project("{FAE04EC0-301F-11D3-BF4B-00C04F79EFBC}") = "TypeCasting", "TypeCasting\TypeCasting.csproj", "{19474C6A-6DD1-4C4F-A7BC-F304380EA4FE}"
EndProject
Project("{FAE04EC0-301F-11D3-BF4B-00C04F79EFBC}") = "Generic", "Generic\Generic.csproj", "{EF6D1CE3-82F5-470A-B40A-C09D2549D456}"
EndProject
Project("{FAE04EC0-301F-11D3-BF4B-00C04F79EFBC}") = "AsyncAwait", "AsyncAwait\AsyncAwait.csproj", "{EBA55C95-92CE-4B98-B0CB-D00B121A7D2F}"
EndProject
Project("{FAE04EC0-301F-11D3-BF4B-00C04F79EFBC}") = "AsyncAwait_WindowsForm", "AsyncAwait_WindowsForm\AsyncAwait_WindowsForm.csproj", "{F8DDB4C8-540E-4611-B19D-97FF7256BE18}"
EndProject
Project("{2150E333-8FDC-42A3-9474-1A3956D46DE8}") = "Design Patterns", "Design Patterns", "{C9B9A1C2-F155-4720-ABAE-1C07983181AF}"
EndProject
Project("{FAE04EC0-301F-11D3-BF4B-00C04F79EFBC}") = "Iterator", "Iterator\Iterator.csproj", "{EEF9310C-95CA-46C1-B797-6BF84FFCAD91}"
EndProject
Project("{FAE04EC0-301F-11D3-BF4B-00C04F79EFBC}") = "Delegate", "Delegate\Delegate.csproj", "{1A37B289-90FA-48D2-B941-3AA70494FE01}"
EndProject
Project("{FAE04EC0-301F-11D3-BF4B-00C04F79EFBC}") = "Adapter", "Adapter\Adapter.csproj", "{979F37A7-D177-46A6-BA33-2286E67B11BB}"
EndProject
Project("{FAE04EC0-301F-11D3-BF4B-00C04F79EFBC}") = "Bridge", "Bridge\Bridge.csproj", "{530414C1-B943-49BA-80DF-E31EFA270F61}"
EndProject
Project("{FAE04EC0-301F-11D3-BF4B-00C04F79EFBC}") = "Decorator", "Decorator\Decorator.csproj", "{BCF2D9CA-C9C4-48E9-AA79-AE467BD76532}"
EndProject
Project("{FAE04EC0-301F-11D3-BF4B-00C04F79EFBC}") = "Proxy", "Proxy\Proxy.csproj", "{4C27EC7C-A5ED-4FB2-B2BF-0642814A78E4}"
EndProject
Project("{FAE04EC0-301F-11D3-BF4B-00C04F79EFBC}") = "Composite", "Composite\Composite.csproj", "{BCC137B8-2B51-469D-B7DF-894212E5BD5E}"
EndProject
Project("{FAE04EC0-301F-11D3-BF4B-00C04F79EFBC}") = "Facade", "Facade\Facade.csproj", "{C2D8DF7E-5306-436A-BACE-48A07F923334}"
EndProject
Project("{FAE04EC0-301F-11D3-BF4B-00C04F79EFBC}") = "Event", "Event\Event.csproj", "{111B6931-DEB4-4B51-B162-690EFBF8C678}"
EndProject
Global
	GlobalSection(SolutionConfigurationPlatforms) = preSolution
		Debug|Any CPU = Debug|Any CPU
		Release|Any CPU = Release|Any CPU
	EndGlobalSection
	GlobalSection(ProjectConfigurationPlatforms) = postSolution
		{D94DA92F-1135-4DA5-B663-80B1FABA479C}.Debug|Any CPU.ActiveCfg = Debug|Any CPU
		{D94DA92F-1135-4DA5-B663-80B1FABA479C}.Debug|Any CPU.Build.0 = Debug|Any CPU
		{D94DA92F-1135-4DA5-B663-80B1FABA479C}.Release|Any CPU.ActiveCfg = Release|Any CPU
		{D94DA92F-1135-4DA5-B663-80B1FABA479C}.Release|Any CPU.Build.0 = Release|Any CPU
		{CE3BD432-B5A5-46C8-A7AA-D07F773AFA14}.Debug|Any CPU.ActiveCfg = Debug|Any CPU
		{CE3BD432-B5A5-46C8-A7AA-D07F773AFA14}.Debug|Any CPU.Build.0 = Debug|Any CPU
		{CE3BD432-B5A5-46C8-A7AA-D07F773AFA14}.Release|Any CPU.ActiveCfg = Release|Any CPU
		{CE3BD432-B5A5-46C8-A7AA-D07F773AFA14}.Release|Any CPU.Build.0 = Release|Any CPU
		{8552B860-7B4D-4F25-A113-A749E91CCA3F}.Debug|Any CPU.ActiveCfg = Debug|Any CPU
		{8552B860-7B4D-4F25-A113-A749E91CCA3F}.Debug|Any CPU.Build.0 = Debug|Any CPU
		{8552B860-7B4D-4F25-A113-A749E91CCA3F}.Release|Any CPU.ActiveCfg = Release|Any CPU
		{8552B860-7B4D-4F25-A113-A749E91CCA3F}.Release|Any CPU.Build.0 = Release|Any CPU
		{60C53A2E-E6CC-4671-98A9-5DCAFA4CBE9F}.Debug|Any CPU.ActiveCfg = Debug|Any CPU
		{60C53A2E-E6CC-4671-98A9-5DCAFA4CBE9F}.Debug|Any CPU.Build.0 = Debug|Any CPU
		{60C53A2E-E6CC-4671-98A9-5DCAFA4CBE9F}.Release|Any CPU.ActiveCfg = Release|Any CPU
		{60C53A2E-E6CC-4671-98A9-5DCAFA4CBE9F}.Release|Any CPU.Build.0 = Release|Any CPU
		{CCD825F5-4D6F-4F28-9C84-E107BEB9243F}.Debug|Any CPU.ActiveCfg = Debug|Any CPU
		{CCD825F5-4D6F-4F28-9C84-E107BEB9243F}.Debug|Any CPU.Build.0 = Debug|Any CPU
		{CCD825F5-4D6F-4F28-9C84-E107BEB9243F}.Release|Any CPU.ActiveCfg = Release|Any CPU
		{CCD825F5-4D6F-4F28-9C84-E107BEB9243F}.Release|Any CPU.Build.0 = Release|Any CPU
		{109055EA-7C37-4A58-8C29-441314C62A16}.Debug|Any CPU.ActiveCfg = Debug|Any CPU
		{109055EA-7C37-4A58-8C29-441314C62A16}.Debug|Any CPU.Build.0 = Debug|Any CPU
		{109055EA-7C37-4A58-8C29-441314C62A16}.Release|Any CPU.ActiveCfg = Release|Any CPU
		{109055EA-7C37-4A58-8C29-441314C62A16}.Release|Any CPU.Build.0 = Release|Any CPU
		{9CEE7C53-E9F5-4AF1-AADB-8A8ABDF89B1F}.Debug|Any CPU.ActiveCfg = Debug|Any CPU
		{9CEE7C53-E9F5-4AF1-AADB-8A8ABDF89B1F}.Debug|Any CPU.Build.0 = Debug|Any CPU
		{9CEE7C53-E9F5-4AF1-AADB-8A8ABDF89B1F}.Release|Any CPU.ActiveCfg = Release|Any CPU
		{9CEE7C53-E9F5-4AF1-AADB-8A8ABDF89B1F}.Release|Any CPU.Build.0 = Release|Any CPU
		{C2BF6A91-9D76-45BB-AA8C-3B4F0B30B6A6}.Debug|Any CPU.ActiveCfg = Debug|Any CPU
		{C2BF6A91-9D76-45BB-AA8C-3B4F0B30B6A6}.Debug|Any CPU.Build.0 = Debug|Any CPU
		{C2BF6A91-9D76-45BB-AA8C-3B4F0B30B6A6}.Release|Any CPU.ActiveCfg = Release|Any CPU
		{C2BF6A91-9D76-45BB-AA8C-3B4F0B30B6A6}.Release|Any CPU.Build.0 = Release|Any CPU
		{18ED2D4F-6D36-4CE9-8E16-F845C94BC248}.Debug|Any CPU.ActiveCfg = Debug|Any CPU
		{18ED2D4F-6D36-4CE9-8E16-F845C94BC248}.Debug|Any CPU.Build.0 = Debug|Any CPU
		{18ED2D4F-6D36-4CE9-8E16-F845C94BC248}.Release|Any CPU.ActiveCfg = Release|Any CPU
		{18ED2D4F-6D36-4CE9-8E16-F845C94BC248}.Release|Any CPU.Build.0 = Release|Any CPU
		{3CDFE7B9-90DD-4EF7-80E5-6AD4265A3E30}.Debug|Any CPU.ActiveCfg = Debug|Any CPU
		{3CDFE7B9-90DD-4EF7-80E5-6AD4265A3E30}.Debug|Any CPU.Build.0 = Debug|Any CPU
		{3CDFE7B9-90DD-4EF7-80E5-6AD4265A3E30}.Release|Any CPU.ActiveCfg = Release|Any CPU
		{3CDFE7B9-90DD-4EF7-80E5-6AD4265A3E30}.Release|Any CPU.Build.0 = Release|Any CPU
		{E37B75AB-1E9F-45A2-ACF7-AABD03A14A62}.Debug|Any CPU.ActiveCfg = Debug|Any CPU
		{E37B75AB-1E9F-45A2-ACF7-AABD03A14A62}.Debug|Any CPU.Build.0 = Debug|Any CPU
		{E37B75AB-1E9F-45A2-ACF7-AABD03A14A62}.Release|Any CPU.ActiveCfg = Release|Any CPU
		{E37B75AB-1E9F-45A2-ACF7-AABD03A14A62}.Release|Any CPU.Build.0 = Release|Any CPU
		{060B7DD3-18A6-4348-BCA2-7DD4EEC19557}.Debug|Any CPU.ActiveCfg = Debug|Any CPU
		{060B7DD3-18A6-4348-BCA2-7DD4EEC19557}.Debug|Any CPU.Build.0 = Debug|Any CPU
		{060B7DD3-18A6-4348-BCA2-7DD4EEC19557}.Release|Any CPU.ActiveCfg = Release|Any CPU
		{060B7DD3-18A6-4348-BCA2-7DD4EEC19557}.Release|Any CPU.Build.0 = Release|Any CPU
		{B918A1D7-E199-4F05-A75C-98D66D38C282}.Debug|Any CPU.ActiveCfg = Debug|Any CPU
		{B918A1D7-E199-4F05-A75C-98D66D38C282}.Debug|Any CPU.Build.0 = Debug|Any CPU
		{B918A1D7-E199-4F05-A75C-98D66D38C282}.Release|Any CPU.ActiveCfg = Release|Any CPU
		{B918A1D7-E199-4F05-A75C-98D66D38C282}.Release|Any CPU.Build.0 = Release|Any CPU
		{19474C6A-6DD1-4C4F-A7BC-F304380EA4FE}.Debug|Any CPU.ActiveCfg = Debug|Any CPU
		{19474C6A-6DD1-4C4F-A7BC-F304380EA4FE}.Debug|Any CPU.Build.0 = Debug|Any CPU
		{19474C6A-6DD1-4C4F-A7BC-F304380EA4FE}.Release|Any CPU.ActiveCfg = Release|Any CPU
		{19474C6A-6DD1-4C4F-A7BC-F304380EA4FE}.Release|Any CPU.Build.0 = Release|Any CPU
		{EF6D1CE3-82F5-470A-B40A-C09D2549D456}.Debug|Any CPU.ActiveCfg = Debug|Any CPU
		{EF6D1CE3-82F5-470A-B40A-C09D2549D456}.Debug|Any CPU.Build.0 = Debug|Any CPU
		{EF6D1CE3-82F5-470A-B40A-C09D2549D456}.Release|Any CPU.ActiveCfg = Release|Any CPU
		{EF6D1CE3-82F5-470A-B40A-C09D2549D456}.Release|Any CPU.Build.0 = Release|Any CPU
		{EBA55C95-92CE-4B98-B0CB-D00B121A7D2F}.Debug|Any CPU.ActiveCfg = Debug|Any CPU
		{EBA55C95-92CE-4B98-B0CB-D00B121A7D2F}.Debug|Any CPU.Build.0 = Debug|Any CPU
		{EBA55C95-92CE-4B98-B0CB-D00B121A7D2F}.Release|Any CPU.ActiveCfg = Release|Any CPU
		{EBA55C95-92CE-4B98-B0CB-D00B121A7D2F}.Release|Any CPU.Build.0 = Release|Any CPU
		{F8DDB4C8-540E-4611-B19D-97FF7256BE18}.Debug|Any CPU.ActiveCfg = Debug|Any CPU
		{F8DDB4C8-540E-4611-B19D-97FF7256BE18}.Debug|Any CPU.Build.0 = Debug|Any CPU
		{F8DDB4C8-540E-4611-B19D-97FF7256BE18}.Release|Any CPU.ActiveCfg = Release|Any CPU
		{F8DDB4C8-540E-4611-B19D-97FF7256BE18}.Release|Any CPU.Build.0 = Release|Any CPU
		{EEF9310C-95CA-46C1-B797-6BF84FFCAD91}.Debug|Any CPU.ActiveCfg = Debug|Any CPU
		{EEF9310C-95CA-46C1-B797-6BF84FFCAD91}.Debug|Any CPU.Build.0 = Debug|Any CPU
		{EEF9310C-95CA-46C1-B797-6BF84FFCAD91}.Release|Any CPU.ActiveCfg = Release|Any CPU
		{EEF9310C-95CA-46C1-B797-6BF84FFCAD91}.Release|Any CPU.Build.0 = Release|Any CPU
		{1A37B289-90FA-48D2-B941-3AA70494FE01}.Debug|Any CPU.ActiveCfg = Debug|Any CPU
		{1A37B289-90FA-48D2-B941-3AA70494FE01}.Debug|Any CPU.Build.0 = Debug|Any CPU
		{1A37B289-90FA-48D2-B941-3AA70494FE01}.Release|Any CPU.ActiveCfg = Release|Any CPU
		{1A37B289-90FA-48D2-B941-3AA70494FE01}.Release|Any CPU.Build.0 = Release|Any CPU
		{979F37A7-D177-46A6-BA33-2286E67B11BB}.Debug|Any CPU.ActiveCfg = Debug|Any CPU
		{979F37A7-D177-46A6-BA33-2286E67B11BB}.Debug|Any CPU.Build.0 = Debug|Any CPU
		{979F37A7-D177-46A6-BA33-2286E67B11BB}.Release|Any CPU.ActiveCfg = Release|Any CPU
		{979F37A7-D177-46A6-BA33-2286E67B11BB}.Release|Any CPU.Build.0 = Release|Any CPU
		{530414C1-B943-49BA-80DF-E31EFA270F61}.Debug|Any CPU.ActiveCfg = Debug|Any CPU
		{530414C1-B943-49BA-80DF-E31EFA270F61}.Debug|Any CPU.Build.0 = Debug|Any CPU
		{530414C1-B943-49BA-80DF-E31EFA270F61}.Release|Any CPU.ActiveCfg = Release|Any CPU
		{530414C1-B943-49BA-80DF-E31EFA270F61}.Release|Any CPU.Build.0 = Release|Any CPU
		{BCF2D9CA-C9C4-48E9-AA79-AE467BD76532}.Debug|Any CPU.ActiveCfg = Debug|Any CPU
		{BCF2D9CA-C9C4-48E9-AA79-AE467BD76532}.Debug|Any CPU.Build.0 = Debug|Any CPU
		{BCF2D9CA-C9C4-48E9-AA79-AE467BD76532}.Release|Any CPU.ActiveCfg = Release|Any CPU
		{BCF2D9CA-C9C4-48E9-AA79-AE467BD76532}.Release|Any CPU.Build.0 = Release|Any CPU
		{4C27EC7C-A5ED-4FB2-B2BF-0642814A78E4}.Debug|Any CPU.ActiveCfg = Debug|Any CPU
		{4C27EC7C-A5ED-4FB2-B2BF-0642814A78E4}.Debug|Any CPU.Build.0 = Debug|Any CPU
		{4C27EC7C-A5ED-4FB2-B2BF-0642814A78E4}.Release|Any CPU.ActiveCfg = Release|Any CPU
		{4C27EC7C-A5ED-4FB2-B2BF-0642814A78E4}.Release|Any CPU.Build.0 = Release|Any CPU
		{BCC137B8-2B51-469D-B7DF-894212E5BD5E}.Debug|Any CPU.ActiveCfg = Debug|Any CPU
		{BCC137B8-2B51-469D-B7DF-894212E5BD5E}.Debug|Any CPU.Build.0 = Debug|Any CPU
		{BCC137B8-2B51-469D-B7DF-894212E5BD5E}.Release|Any CPU.ActiveCfg = Release|Any CPU
		{BCC137B8-2B51-469D-B7DF-894212E5BD5E}.Release|Any CPU.Build.0 = Release|Any CPU
		{C2D8DF7E-5306-436A-BACE-48A07F923334}.Debug|Any CPU.ActiveCfg = Debug|Any CPU
		{C2D8DF7E-5306-436A-BACE-48A07F923334}.Debug|Any CPU.Build.0 = Debug|Any CPU
		{C2D8DF7E-5306-436A-BACE-48A07F923334}.Release|Any CPU.ActiveCfg = Release|Any CPU
		{C2D8DF7E-5306-436A-BACE-48A07F923334}.Release|Any CPU.Build.0 = Release|Any CPU
		{111B6931-DEB4-4B51-B162-690EFBF8C678}.Debug|Any CPU.ActiveCfg = Debug|Any CPU
		{111B6931-DEB4-4B51-B162-690EFBF8C678}.Debug|Any CPU.Build.0 = Debug|Any CPU
		{111B6931-DEB4-4B51-B162-690EFBF8C678}.Release|Any CPU.ActiveCfg = Release|Any CPU
		{111B6931-DEB4-4B51-B162-690EFBF8C678}.Release|Any CPU.Build.0 = Release|Any CPU
	EndGlobalSection
	GlobalSection(SolutionProperties) = preSolution
		HideSolutionNode = FALSE
	EndGlobalSection
	GlobalSection(NestedProjects) = preSolution
		{EEF9310C-95CA-46C1-B797-6BF84FFCAD91} = {C9B9A1C2-F155-4720-ABAE-1C07983181AF}
		{979F37A7-D177-46A6-BA33-2286E67B11BB} = {C9B9A1C2-F155-4720-ABAE-1C07983181AF}
		{530414C1-B943-49BA-80DF-E31EFA270F61} = {C9B9A1C2-F155-4720-ABAE-1C07983181AF}
		{BCF2D9CA-C9C4-48E9-AA79-AE467BD76532} = {C9B9A1C2-F155-4720-ABAE-1C07983181AF}
		{4C27EC7C-A5ED-4FB2-B2BF-0642814A78E4} = {C9B9A1C2-F155-4720-ABAE-1C07983181AF}
		{BCC137B8-2B51-469D-B7DF-894212E5BD5E} = {C9B9A1C2-F155-4720-ABAE-1C07983181AF}
		{C2D8DF7E-5306-436A-BACE-48A07F923334} = {C9B9A1C2-F155-4720-ABAE-1C07983181AF}
	EndGlobalSection
EndGlobal
